// !$*UTF8*$!
{
	archiveVersion = 1;
	classes = {
	};
	objectVersion = 51;
	objects = {

/* Begin PBXBuildFile section */
		D5918CCA26CC546600730C02 /* Tests.swift in Sources */ = {isa = PBXBuildFile; fileRef = D5571CD126CC4F9C006B44BA /* Tests.swift */; };
		D5C69EA426CC0DD80057C3CF /* AppDelegate.swift in Sources */ = {isa = PBXBuildFile; fileRef = D5C69EA326CC0DD80057C3CF /* AppDelegate.swift */; };
		D5C69EAD26CC0DD90057C3CF /* Assets.xcassets in Resources */ = {isa = PBXBuildFile; fileRef = D5C69EAC26CC0DD90057C3CF /* Assets.xcassets */; };
		D5C69EB026CC0DD90057C3CF /* LaunchScreen.storyboard in Resources */ = {isa = PBXBuildFile; fileRef = D5C69EAE26CC0DD90057C3CF /* LaunchScreen.storyboard */; };
		D5C69EB926CC0DF40057C3CF /* InitialViewController.swift in Sources */ = {isa = PBXBuildFile; fileRef = D5C69EB726CC0DF40057C3CF /* InitialViewController.swift */; };
		D5C69EBA26CC0DF40057C3CF /* InitialViewController.xib in Resources */ = {isa = PBXBuildFile; fileRef = D5C69EB826CC0DF40057C3CF /* InitialViewController.xib */; };
		D5C69EBE26CC0F5D0057C3CF /* Mock.swift in Sources */ = {isa = PBXBuildFile; fileRef = D5C69EBD26CC0F5D0057C3CF /* Mock.swift */; };
/* End PBXBuildFile section */

/* Begin PBXContainerItemProxy section */
		D5918CC526CC546000730C02 /* PBXContainerItemProxy */ = {
			isa = PBXContainerItemProxy;
			containerPortal = D5C69E9826CC0DD80057C3CF /* Project object */;
			proxyType = 1;
			remoteGlobalIDString = D5C69E9F26CC0DD80057C3CF;
			remoteInfo = ProyectoPrueba;
		};
/* End PBXContainerItemProxy section */

/* Begin PBXFileReference section */
		D5571CD126CC4F9C006B44BA /* Tests.swift */ = {isa = PBXFileReference; lastKnownFileType = sourcecode.swift; path = Tests.swift; sourceTree = "<group>"; };
		D5918CC026CC546000730C02 /* ProyectoPruebaTests.xctest */ = {isa = PBXFileReference; explicitFileType = wrapper.cfbundle; includeInIndex = 0; path = ProyectoPruebaTests.xctest; sourceTree = BUILT_PRODUCTS_DIR; };
		D5918CC426CC546000730C02 /* Info.plist */ = {isa = PBXFileReference; lastKnownFileType = text.plist.xml; path = Info.plist; sourceTree = "<group>"; };
		D5C69EA026CC0DD80057C3CF /* ProyectoPrueba.app */ = {isa = PBXFileReference; explicitFileType = wrapper.application; includeInIndex = 0; path = ProyectoPrueba.app; sourceTree = BUILT_PRODUCTS_DIR; };
		D5C69EA326CC0DD80057C3CF /* AppDelegate.swift */ = {isa = PBXFileReference; lastKnownFileType = sourcecode.swift; path = AppDelegate.swift; sourceTree = "<group>"; };
		D5C69EAC26CC0DD90057C3CF /* Assets.xcassets */ = {isa = PBXFileReference; lastKnownFileType = folder.assetcatalog; path = Assets.xcassets; sourceTree = "<group>"; };
		D5C69EAF26CC0DD90057C3CF /* Base */ = {isa = PBXFileReference; lastKnownFileType = file.storyboard; name = Base; path = Base.lproj/LaunchScreen.storyboard; sourceTree = "<group>"; };
		D5C69EB126CC0DD90057C3CF /* Info.plist */ = {isa = PBXFileReference; lastKnownFileType = text.plist.xml; path = Info.plist; sourceTree = "<group>"; };
		D5C69EB726CC0DF40057C3CF /* InitialViewController.swift */ = {isa = PBXFileReference; lastKnownFileType = sourcecode.swift; path = InitialViewController.swift; sourceTree = "<group>"; };
		D5C69EB826CC0DF40057C3CF /* InitialViewController.xib */ = {isa = PBXFileReference; lastKnownFileType = file.xib; path = InitialViewController.xib; sourceTree = "<group>"; };
		D5C69EBD26CC0F5D0057C3CF /* Mock.swift */ = {isa = PBXFileReference; lastKnownFileType = sourcecode.swift; path = Mock.swift; sourceTree = "<group>"; };
/* End PBXFileReference section */

/* Begin PBXFrameworksBuildPhase section */
		D5918CBD26CC546000730C02 /* Frameworks */ = {
			isa = PBXFrameworksBuildPhase;
			buildActionMask = 2147483647;
			files = (
			);
			runOnlyForDeploymentPostprocessing = 0;
		};
		D5C69E9D26CC0DD80057C3CF /* Frameworks */ = {
			isa = PBXFrameworksBuildPhase;
			buildActionMask = 2147483647;
			files = (
			);
			runOnlyForDeploymentPostprocessing = 0;
		};
/* End PBXFrameworksBuildPhase section */

/* Begin PBXGroup section */
		D5918CC126CC546000730C02 /* ProyectoPruebaTests */ = {
			isa = PBXGroup;
			children = (
				D5571CD126CC4F9C006B44BA /* Tests.swift */,
				D5918CC426CC546000730C02 /* Info.plist */,
			);
			path = ProyectoPruebaTests;
			sourceTree = "<group>";
		};
		D5C69E9726CC0DD80057C3CF = {
			isa = PBXGroup;
			children = (
				D5C69EA226CC0DD80057C3CF /* ProyectoPrueba */,
				D5918CC126CC546000730C02 /* ProyectoPruebaTests */,
				D5C69EA126CC0DD80057C3CF /* Products */,
				D8AC34EF59EAA7C74092C62B /* Pods */,
			);
			sourceTree = "<group>";
		};
		D5C69EA126CC0DD80057C3CF /* Products */ = {
			isa = PBXGroup;
			children = (
				D5C69EA026CC0DD80057C3CF /* ProyectoPrueba.app */,
				D5918CC026CC546000730C02 /* ProyectoPruebaTests.xctest */,
			);
			name = Products;
			sourceTree = "<group>";
		};
		D5C69EA226CC0DD80057C3CF /* ProyectoPrueba */ = {
			isa = PBXGroup;
			children = (
				D5C69EA326CC0DD80057C3CF /* AppDelegate.swift */,
				D5C69EBD26CC0F5D0057C3CF /* Mock.swift */,
				D5C69EAC26CC0DD90057C3CF /* Assets.xcassets */,
				D5C69EAE26CC0DD90057C3CF /* LaunchScreen.storyboard */,
				D5C69EB126CC0DD90057C3CF /* Info.plist */,
				D5C69EBB26CC0F180057C3CF /* Main */,
			);
			path = ProyectoPrueba;
			sourceTree = "<group>";
		};
		D5C69EBB26CC0F180057C3CF /* Main */ = {
			isa = PBXGroup;
			children = (
				D5C69EB726CC0DF40057C3CF /* InitialViewController.swift */,
				D5C69EB826CC0DF40057C3CF /* InitialViewController.xib */,
			);
			path = Main;
			sourceTree = "<group>";
		};
		D8AC34EF59EAA7C74092C62B /* Pods */ = {
			isa = PBXGroup;
			children = (
			);
			path = Pods;
			sourceTree = "<group>";
		};
/* End PBXGroup section */

/* Begin PBXNativeTarget section */
		D5918CBF26CC546000730C02 /* ProyectoPruebaTests */ = {
			isa = PBXNativeTarget;
			buildConfigurationList = D5918CC726CC546000730C02 /* Build configuration list for PBXNativeTarget "ProyectoPruebaTests" */;
			buildPhases = (
				D5918CBC26CC546000730C02 /* Sources */,
				D5918CBD26CC546000730C02 /* Frameworks */,
				D5918CBE26CC546000730C02 /* Resources */,
			);
			buildRules = (
			);
			dependencies = (
				D5918CC626CC546000730C02 /* PBXTargetDependency */,
			);
			name = ProyectoPruebaTests;
			productName = ProyectoPruebaTests;
			productReference = D5918CC026CC546000730C02 /* ProyectoPruebaTests.xctest */;
			productType = "com.apple.product-type.bundle.unit-test";
		};
		D5C69E9F26CC0DD80057C3CF /* ProyectoPrueba */ = {
			isa = PBXNativeTarget;
			buildConfigurationList = D5C69EB426CC0DD90057C3CF /* Build configuration list for PBXNativeTarget "ProyectoPrueba" */;
			buildPhases = (
				D5C69E9C26CC0DD80057C3CF /* Sources */,
				D5C69E9D26CC0DD80057C3CF /* Frameworks */,
				D5C69E9E26CC0DD80057C3CF /* Resources */,
			);
			buildRules = (
			);
			dependencies = (
			);
			name = ProyectoPrueba;
			productName = ProyectoPrueba;
			productReference = D5C69EA026CC0DD80057C3CF /* ProyectoPrueba.app */;
			productType = "com.apple.product-type.application";
		};
/* End PBXNativeTarget section */

/* Begin PBXProject section */
		D5C69E9826CC0DD80057C3CF /* Project object */ = {
			isa = PBXProject;
			attributes = {
				LastSwiftUpdateCheck = 1250;
				LastUpgradeCheck = 1250;
				TargetAttributes = {
					D5918CBF26CC546000730C02 = {
						CreatedOnToolsVersion = 12.5.1;
						TestTargetID = D5C69E9F26CC0DD80057C3CF;
					};
					D5C69E9F26CC0DD80057C3CF = {
						CreatedOnToolsVersion = 12.5.1;
					};
				};
			};
			buildConfigurationList = D5C69E9B26CC0DD80057C3CF /* Build configuration list for PBXProject "ProyectoPrueba" */;
			compatibilityVersion = "Xcode 10.0";
			developmentRegion = en;
			hasScannedForEncodings = 0;
			knownRegions = (
				en,
				Base,
			);
			mainGroup = D5C69E9726CC0DD80057C3CF;
			productRefGroup = D5C69EA126CC0DD80057C3CF /* Products */;
			projectDirPath = "";
			projectRoot = "";
			targets = (
				D5C69E9F26CC0DD80057C3CF /* ProyectoPrueba */,
				D5918CBF26CC546000730C02 /* ProyectoPruebaTests */,
			);
		};
/* End PBXProject section */

/* Begin PBXResourcesBuildPhase section */
		D5918CBE26CC546000730C02 /* Resources */ = {
			isa = PBXResourcesBuildPhase;
			buildActionMask = 2147483647;
			files = (
			);
			runOnlyForDeploymentPostprocessing = 0;
		};
		D5C69E9E26CC0DD80057C3CF /* Resources */ = {
			isa = PBXResourcesBuildPhase;
			buildActionMask = 2147483647;
			files = (
				D5C69EB026CC0DD90057C3CF /* LaunchScreen.storyboard in Resources */,
				D5C69EAD26CC0DD90057C3CF /* Assets.xcassets in Resources */,
				D5C69EBA26CC0DF40057C3CF /* InitialViewController.xib in Resources */,
			);
			runOnlyForDeploymentPostprocessing = 0;
		};
/* End PBXResourcesBuildPhase section */

/* Begin PBXSourcesBuildPhase section */
		D5918CBC26CC546000730C02 /* Sources */ = {
			isa = PBXSourcesBuildPhase;
			buildActionMask = 2147483647;
			files = (
				D5918CCA26CC546600730C02 /* Tests.swift in Sources */,
			);
			runOnlyForDeploymentPostprocessing = 0;
		};
		D5C69E9C26CC0DD80057C3CF /* Sources */ = {
			isa = PBXSourcesBuildPhase;
			buildActionMask = 2147483647;
			files = (
				D5C69EA426CC0DD80057C3CF /* AppDelegate.swift in Sources */,
				D5C69EB926CC0DF40057C3CF /* InitialViewController.swift in Sources */,
				D5C69EBE26CC0F5D0057C3CF /* Mock.swift in Sources */,
			);
			runOnlyForDeploymentPostprocessing = 0;
		};
/* End PBXSourcesBuildPhase section */

/* Begin PBXTargetDependency section */
		D5918CC626CC546000730C02 /* PBXTargetDependency */ = {
			isa = PBXTargetDependency;
			target = D5C69E9F26CC0DD80057C3CF /* ProyectoPrueba */;
			targetProxy = D5918CC526CC546000730C02 /* PBXContainerItemProxy */;
		};
/* End PBXTargetDependency section */

/* Begin PBXVariantGroup section */
		D5C69EAE26CC0DD90057C3CF /* LaunchScreen.storyboard */ = {
			isa = PBXVariantGroup;
			children = (
				D5C69EAF26CC0DD90057C3CF /* Base */,
			);
			name = LaunchScreen.storyboard;
			sourceTree = "<group>";
		};
/* End PBXVariantGroup section */

/* Begin XCBuildConfiguration section */
		D5918CC826CC546000730C02 /* Debug */ = {
			isa = XCBuildConfiguration;
			buildSettings = {
				CODE_SIGN_STYLE = Automatic;
				DEVELOPMENT_TEAM = NZ34D2LM93;
				INFOPLIST_FILE = ProyectoPruebaTests/Info.plist;
				IPHONEOS_DEPLOYMENT_TARGET = 13.0;
				LD_RUNPATH_SEARCH_PATHS = (
					"$(inherited)",
					"@executable_path/Frameworks",
					"@loader_path/Frameworks",
				);
				PRODUCT_BUNDLE_IDENTIFIER = personal.ProyectoPruebaTests;
				PRODUCT_NAME = "$(TARGET_NAME)";
				SWIFT_VERSION = 5.0;
				TARGETED_DEVICE_FAMILY = "1,2";
				TEST_HOST = "$(BUILT_PRODUCTS_DIR)/ProyectoPrueba.app/ProyectoPrueba";
			};
			name = Debug;
		};
		D5918CC926CC546000730C02 /* Release */ = {
			isa = XCBuildConfiguration;
			buildSettings = {
				CODE_SIGN_STYLE = Automatic;
				DEVELOPMENT_TEAM = NZ34D2LM93;
				INFOPLIST_FILE = ProyectoPruebaTests/Info.plist;
				IPHONEOS_DEPLOYMENT_TARGET = 13.0;
				LD_RUNPATH_SEARCH_PATHS = (
					"$(inherited)",
					"@executable_path/Frameworks",
					"@loader_path/Frameworks",
				);
				PRODUCT_BUNDLE_IDENTIFIER = personal.ProyectoPruebaTests;
				PRODUCT_NAME = "$(TARGET_NAME)";
				SWIFT_VERSION = 5.0;
				TARGETED_DEVICE_FAMILY = "1,2";
				TEST_HOST = "$(BUILT_PRODUCTS_DIR)/ProyectoPrueba.app/ProyectoPrueba";
			};
			name = Release;
		};
		D5C69EB226CC0DD90057C3CF /* Debug */ = {
			isa = XCBuildConfiguration;
			buildSettings = {
				ALWAYS_SEARCH_USER_PATHS = NO;
				CLANG_ANALYZER_NONNULL = YES;
				CLANG_ANALYZER_NUMBER_OBJECT_CONVERSION = YES_AGGRESSIVE;
				CLANG_CXX_LANGUAGE_STANDARD = "gnu++14";
				CLANG_CXX_LIBRARY = "libc++";
				CLANG_ENABLE_MODULES = YES;
				CLANG_ENABLE_OBJC_ARC = YES;
				CLANG_ENABLE_OBJC_WEAK = YES;
				CLANG_WARN_BLOCK_CAPTURE_AUTORELEASING = YES;
				CLANG_WARN_BOOL_CONVERSION = YES;
				CLANG_WARN_COMMA = YES;
				CLANG_WARN_CONSTANT_CONVERSION = YES;
				CLANG_WARN_DEPRECATED_OBJC_IMPLEMENTATIONS = YES;
				CLANG_WARN_DIRECT_OBJC_ISA_USAGE = YES_ERROR;
				CLANG_WARN_DOCUMENTATION_COMMENTS = YES;
				CLANG_WARN_EMPTY_BODY = YES;
				CLANG_WARN_ENUM_CONVERSION = YES;
				CLANG_WARN_INFINITE_RECURSION = YES;
				CLANG_WARN_INT_CONVERSION = YES;
				CLANG_WARN_NON_LITERAL_NULL_CONVERSION = YES;
				CLANG_WARN_OBJC_IMPLICIT_RETAIN_SELF = YES;
				CLANG_WARN_OBJC_LITERAL_CONVERSION = YES;
				CLANG_WARN_OBJC_ROOT_CLASS = YES_ERROR;
				CLANG_WARN_QUOTED_INCLUDE_IN_FRAMEWORK_HEADER = YES;
				CLANG_WARN_RANGE_LOOP_ANALYSIS = YES;
				CLANG_WARN_STRICT_PROTOTYPES = YES;
				CLANG_WARN_SUSPICIOUS_MOVE = YES;
				CLANG_WARN_UNGUARDED_AVAILABILITY = YES_AGGRESSIVE;
				CLANG_WARN_UNREACHABLE_CODE = YES;
				CLANG_WARN__DUPLICATE_METHOD_MATCH = YES;
				COPY_PHASE_STRIP = NO;
				DEBUG_INFORMATION_FORMAT = dwarf;
				ENABLE_STRICT_OBJC_MSGSEND = YES;
				ENABLE_TESTABILITY = YES;
				GCC_C_LANGUAGE_STANDARD = gnu11;
				GCC_DYNAMIC_NO_PIC = NO;
				GCC_NO_COMMON_BLOCKS = YES;
				GCC_OPTIMIZATION_LEVEL = 0;
				GCC_PREPROCESSOR_DEFINITIONS = (
					"DEBUG=1",
					"$(inherited)",
				);
				GCC_WARN_64_TO_32_BIT_CONVERSION = YES;
				GCC_WARN_ABOUT_RETURN_TYPE = YES_ERROR;
				GCC_WARN_UNDECLARED_SELECTOR = YES;
				GCC_WARN_UNINITIALIZED_AUTOS = YES_AGGRESSIVE;
				GCC_WARN_UNUSED_FUNCTION = YES;
				GCC_WARN_UNUSED_VARIABLE = YES;
				IPHONEOS_DEPLOYMENT_TARGET = 13.0;
				MTL_ENABLE_DEBUG_INFO = INCLUDE_SOURCE;
				MTL_FAST_MATH = YES;
				ONLY_ACTIVE_ARCH = YES;
				SDKROOT = iphoneos;
				SWIFT_ACTIVE_COMPILATION_CONDITIONS = DEBUG;
				SWIFT_OPTIMIZATION_LEVEL = "-Onone";
				VALIDATE_PRODUCT = NO;
			};
			name = Debug;
		};
		D5C69EB326CC0DD90057C3CF /* Release */ = {
			isa = XCBuildConfiguration;
			buildSettings = {
				ALWAYS_SEARCH_USER_PATHS = NO;
				CLANG_ANALYZER_NONNULL = YES;
				CLANG_ANALYZER_NUMBER_OBJECT_CONVERSION = YES_AGGRESSIVE;
				CLANG_CXX_LANGUAGE_STANDARD = "gnu++14";
				CLANG_CXX_LIBRARY = "libc++";
				CLANG_ENABLE_MODULES = YES;
				CLANG_ENABLE_OBJC_ARC = YES;
				CLANG_ENABLE_OBJC_WEAK = YES;
				CLANG_WARN_BLOCK_CAPTURE_AUTORELEASING = YES;
				CLANG_WARN_BOOL_CONVERSION = YES;
				CLANG_WARN_COMMA = YES;
				CLANG_WARN_CONSTANT_CONVERSION = YES;
				CLANG_WARN_DEPRECATED_OBJC_IMPLEMENTATIONS = YES;
				CLANG_WARN_DIRECT_OBJC_ISA_USAGE = YES_ERROR;
				CLANG_WARN_DOCUMENTATION_COMMENTS = YES;
				CLANG_WARN_EMPTY_BODY = YES;
				CLANG_WARN_ENUM_CONVERSION = YES;
				CLANG_WARN_INFINITE_RECURSION = YES;
				CLANG_WARN_INT_CONVERSION = YES;
				CLANG_WARN_NON_LITERAL_NULL_CONVERSION = YES;
				CLANG_WARN_OBJC_IMPLICIT_RETAIN_SELF = YES;
				CLANG_WARN_OBJC_LITERAL_CONVERSION = YES;
				CLANG_WARN_OBJC_ROOT_CLASS = YES_ERROR;
				CLANG_WARN_QUOTED_INCLUDE_IN_FRAMEWORK_HEADER = YES;
				CLANG_WARN_RANGE_LOOP_ANALYSIS = YES;
				CLANG_WARN_STRICT_PROTOTYPES = YES;
				CLANG_WARN_SUSPICIOUS_MOVE = YES;
				CLANG_WARN_UNGUARDED_AVAILABILITY = YES_AGGRESSIVE;
				CLANG_WARN_UNREACHABLE_CODE = YES;
				CLANG_WARN__DUPLICATE_METHOD_MATCH = YES;
				COPY_PHASE_STRIP = NO;
				DEBUG_INFORMATION_FORMAT = "dwarf-with-dsym";
				ENABLE_NS_ASSERTIONS = NO;
				ENABLE_STRICT_OBJC_MSGSEND = YES;
				ENABLE_TESTABILITY = YES;
				GCC_C_LANGUAGE_STANDARD = gnu11;
				GCC_NO_COMMON_BLOCKS = YES;
				GCC_OPTIMIZATION_LEVEL = s;
				GCC_WARN_64_TO_32_BIT_CONVERSION = YES;
				GCC_WARN_ABOUT_RETURN_TYPE = YES_ERROR;
				GCC_WARN_UNDECLARED_SELECTOR = YES;
				GCC_WARN_UNINITIALIZED_AUTOS = YES_AGGRESSIVE;
				GCC_WARN_UNUSED_FUNCTION = YES;
				GCC_WARN_UNUSED_VARIABLE = YES;
				IPHONEOS_DEPLOYMENT_TARGET = 13.0;
				MTL_ENABLE_DEBUG_INFO = NO;
				MTL_FAST_MATH = YES;
				SDKROOT = iphoneos;
				SWIFT_COMPILATION_MODE = wholemodule;
				SWIFT_OPTIMIZATION_LEVEL = "-O";
				VALIDATE_PRODUCT = YES;
			};
			name = Release;
		};
		D5C69EB526CC0DD90057C3CF /* Debug */ = {
			isa = XCBuildConfiguration;
			buildSettings = {
				ASSETCATALOG_COMPILER_APPICON_NAME = AppIcon;
				ASSETCATALOG_COMPILER_GLOBAL_ACCENT_COLOR_NAME = AccentColor;
				CODE_SIGN_STYLE = Automatic;
				DEVELOPMENT_TEAM = NZ34D2LM93;
				INFOPLIST_FILE = ProyectoPrueba/Info.plist;
				IPHONEOS_DEPLOYMENT_TARGET = 13.0;
				LD_RUNPATH_SEARCH_PATHS = (
					"$(inherited)",
					"@executable_path/Frameworks",
				);
				PRODUCT_BUNDLE_IDENTIFIER = personal.ProyectoPrueba;
				PRODUCT_NAME = "$(TARGET_NAME)";
				SWIFT_VERSION = 5.0;
				TARGETED_DEVICE_FAMILY = "1,2";
			};
			name = Debug;
		};
		D5C69EB626CC0DD90057C3CF /* Release */ = {
			isa = XCBuildConfiguration;
			buildSettings = {
				ASSETCATALOG_COMPILER_APPICON_NAME = AppIcon;
				ASSETCATALOG_COMPILER_GLOBAL_ACCENT_COLOR_NAME = AccentColor;
				CODE_SIGN_STYLE = Automatic;
				DEVELOPMENT_TEAM = NZ34D2LM93;
				INFOPLIST_FILE = ProyectoPrueba/Info.plist;
				IPHONEOS_DEPLOYMENT_TARGET = 13.0;
				LD_RUNPATH_SEARCH_PATHS = (
					"$(inherited)",
					"@executable_path/Frameworks",
				);
				PRODUCT_BUNDLE_IDENTIFIER = personal.ProyectoPrueba;
				PRODUCT_NAME = "$(TARGET_NAME)";
				SWIFT_VERSION = 5.0;
				TARGETED_DEVICE_FAMILY = "1,2";
			};
			name = Release;
		};
/* End XCBuildConfiguration section */

/* Begin XCConfigurationList section */
		D5918CC726CC546000730C02 /* Build configuration list for PBXNativeTarget "ProyectoPruebaTests" */ = {
			isa = XCConfigurationList;
			buildConfigurations = (
				D5918CC826CC546000730C02 /* Debug */,
				D5918CC926CC546000730C02 /* Release */,
			);
			defaultConfigurationIsVisible = 0;
			defaultConfigurationName = Release;
		};
		D5C69E9B26CC0DD80057C3CF /* Build configuration list for PBXProject "ProyectoPrueba" */ = {
			isa = XCConfigurationList;
			buildConfigurations = (
				D5C69EB226CC0DD90057C3CF /* Debug */,
				D5C69EB326CC0DD90057C3CF /* Release */,
			);
			defaultConfigurationIsVisible = 0;
			defaultConfigurationName = Release;
		};
		D5C69EB426CC0DD90057C3CF /* Build configuration list for PBXNativeTarget "ProyectoPrueba" */ = {
			isa = XCConfigurationList;
			buildConfigurations = (
				D5C69EB526CC0DD90057C3CF /* Debug */,
				D5C69EB626CC0DD90057C3CF /* Release */,
			);
			defaultConfigurationIsVisible = 0;
			defaultConfigurationName = Release;
		};
/* End XCConfigurationList section */
	};
	rootObject = D5C69E9826CC0DD80057C3CF /* Project object */;
}
