PODS:
  - MyLib (0.0.2)
  - MyLib/Tests (0.0.2)

DEPENDENCIES:
  - MyLib (from `https://github.com/alejandroCastillo7768/MyLib.git`)
  - MyLib/Tests (from `https://github.com/alejandroCastillo7768/MyLib.git`)

EXTERNAL SOURCES:
  MyLib:
    :git: https://github.com/alejandroCastillo7768/MyLib.git

CHECKOUT OPTIONS:
  MyLib:
    :commit: c6199dd4606609f2f0d6b6e3b2a66b68e47988d6
    :git: https://github.com/alejandroCastillo7768/MyLib.git

SPEC CHECKSUMS:
  MyLib: 5d6abc9dd23aad11dbcf3e2bb4e0846044ed121b

PODFILE CHECKSUM: dd44da2cbc7da0b3337f571253cf4deb9e776a5e

COCOAPODS: 1.10.2
